
Microsoft Visual Studio Solution File, Format Version 12.00
# Visual Studio Version 17
VisualStudioVersion = 17.7.34024.191
MinimumVisualStudioVersion = 10.0.40219.1
Project("{FAE04EC0-301F-11D3-BF4B-00C04F79EFBC}") = "Garage2.0_Group5", "Garage2.0_Group5\Garage2.0_Group5.csproj", "{325B5759-8FF7-44CA-AA58-A3B129E163BC}"
EndProject
Global
	GlobalSection(SolutionConfigurationPlatforms) = preSolution
		Debug|Any CPU = Debug|Any CPU
		Release|Any CPU = Release|Any CPU
	EndGlobalSection
	GlobalSection(ProjectConfigurationPlatforms) = postSolution
		{325B5759-8FF7-44CA-AA58-A3B129E163BC}.Debug|Any CPU.ActiveCfg = Debug|Any CPU
		{325B5759-8FF7-44CA-AA58-A3B129E163BC}.Debug|Any CPU.Build.0 = Debug|Any CPU
		{325B5759-8FF7-44CA-AA58-A3B129E163BC}.Release|Any CPU.ActiveCfg = Release|Any CPU
		{325B5759-8FF7-44CA-AA58-A3B129E163BC}.Release|Any CPU.Build.0 = Release|Any CPU
	EndGlobalSection
	GlobalSection(SolutionProperties) = preSolution
		HideSolutionNode = FALSE
	EndGlobalSection
	GlobalSection(ExtensibilityGlobals) = postSolution
		SolutionGuid = {A9B3CE5F-2DC3-4D7D-8C37-94FC409BF61E}
	EndGlobalSection
EndGlobal
